
Microsoft Visual Studio Solution File, Format Version 12.00
# Visual Studio Version 17
VisualStudioVersion = 17.14.37012.4 d17.14
MinimumVisualStudioVersion = 10.0.40219.1
Project("{FAE04EC0-301F-11D3-BF4B-00C04F79EFBC}") = "GraphOptimizer", "GraphOptimizer.csproj", "{0966B552-1C76-4CB4-9DDB-268E03C7678E}"
EndProject
Global
	GlobalSection(SolutionConfigurationPlatforms) = preSolution
		Debug|Any CPU = Debug|Any CPU
		Release|Any CPU = Release|Any CPU
	EndGlobalSection
	GlobalSection(ProjectConfigurationPlatforms) = postSolution
		{0966B552-1C76-4CB4-9DDB-268E03C7678E}.Debug|Any CPU.ActiveCfg = Debug|Any CPU
		{0966B552-1C76-4CB4-9DDB-268E03C7678E}.Debug|Any CPU.Build.0 = Debug|Any CPU
		{0966B552-1C76-4CB4-9DDB-268E03C7678E}.Release|Any CPU.ActiveCfg = Release|Any CPU
		{0966B552-1C76-4CB4-9DDB-268E03C7678E}.Release|Any CPU.Build.0 = Release|Any CPU
	EndGlobalSection
	GlobalSection(SolutionProperties) = preSolution
		HideSolutionNode = FALSE
	EndGlobalSection
	GlobalSection(ExtensibilityGlobals) = postSolution
		SolutionGuid = {2A5FE277-3381-417E-BAF5-1CB06F1A83A2}
	EndGlobalSection
EndGlobal
